
Microsoft Visual Studio Solution File, Format Version 12.00
# Visual Studio Version 17
VisualStudioVersion = 17.7.34031.279
MinimumVisualStudioVersion = 10.0.40219.1
Project("{FAE04EC0-301F-11D3-BF4B-00C04F79EFBC}") = "1. Rasalanavho Khangwelo C# Assessment", "1. Rasalanavho Khangwelo C# Assessment\1. Rasalanavho Khangwelo C# Assessment.csproj", "{275A3479-74E7-4A06-8168-2AF155684466}"
EndProject
Global
	GlobalSection(SolutionConfigurationPlatforms) = preSolution
		Debug|Any CPU = Debug|Any CPU
		Release|Any CPU = Release|Any CPU
	EndGlobalSection
	GlobalSection(ProjectConfigurationPlatforms) = postSolution
		{275A3479-74E7-4A06-8168-2AF155684466}.Debug|Any CPU.ActiveCfg = Debug|Any CPU
		{275A3479-74E7-4A06-8168-2AF155684466}.Debug|Any CPU.Build.0 = Debug|Any CPU
		{275A3479-74E7-4A06-8168-2AF155684466}.Release|Any CPU.ActiveCfg = Release|Any CPU
		{275A3479-74E7-4A06-8168-2AF155684466}.Release|Any CPU.Build.0 = Release|Any CPU
	EndGlobalSection
	GlobalSection(SolutionProperties) = preSolution
		HideSolutionNode = FALSE
	EndGlobalSection
	GlobalSection(ExtensibilityGlobals) = postSolution
		SolutionGuid = {A82D0C69-4F34-4103-9300-05282855D422}
	EndGlobalSection
EndGlobal
